
Microsoft Visual Studio Solution File, Format Version 12.00
# Visual Studio Version 17
VisualStudioVersion = 17.4.33213.308
MinimumVisualStudioVersion = 10.0.40219.1
Project("{FAE04EC0-301F-11D3-BF4B-00C04F79EFBC}") = "Altairis.Pushover.Client", "Altairis.Pushover.Client\Altairis.Pushover.Client.csproj", "{F827C718-6170-45DA-9E1C-168BE1696EAD}"
EndProject
Global
	GlobalSection(SolutionConfigurationPlatforms) = preSolution
		Debug|Any CPU = Debug|Any CPU
		Release|Any CPU = Release|Any CPU
	EndGlobalSection
	GlobalSection(ProjectConfigurationPlatforms) = postSolution
		{F827C718-6170-45DA-9E1C-168BE1696EAD}.Debug|Any CPU.ActiveCfg = Debug|Any CPU
		{F827C718-6170-45DA-9E1C-168BE1696EAD}.Debug|Any CPU.Build.0 = Debug|Any CPU
		{F827C718-6170-45DA-9E1C-168BE1696EAD}.Release|Any CPU.ActiveCfg = Release|Any CPU
		{F827C718-6170-45DA-9E1C-168BE1696EAD}.Release|Any CPU.Build.0 = Release|Any CPU
	EndGlobalSection
	GlobalSection(SolutionProperties) = preSolution
		HideSolutionNode = FALSE
	EndGlobalSection
	GlobalSection(ExtensibilityGlobals) = postSolution
		SolutionGuid = {03436F91-73AC-43BB-88A4-37010C4ADA3A}
	EndGlobalSection
EndGlobal
